
Microsoft Visual Studio Solution File, Format Version 12.00
# Visual Studio 15
VisualStudioVersion = 15.0.26124.0
MinimumVisualStudioVersion = 15.0.26124.0
Project("{F2A71F9B-5D33-465A-A702-920D77279786}") = "KeyValueStore", "KeyValueStore\KeyValueStore.fsproj", "{6F06CA7E-F36A-4423-A45D-A4B90288FCB7}"
EndProject
Project("{F2A71F9B-5D33-465A-A702-920D77279786}") = "KeyValueStore.Tests", "KeyValueStore.Tests\KeyValueStore.Tests.fsproj", "{C6D8A4F9-219E-43D9-81BD-0FF82BD46D80}"
EndProject
Project("{F2A71F9B-5D33-465A-A702-920D77279786}") = "Memoized", "Memoized\Memoized.fsproj", "{0EEB3CDA-C042-4D36-BC9D-97D250838AEA}"
EndProject
Project("{F2A71F9B-5D33-465A-A702-920D77279786}") = "Memoized.Tests", "Memoized.Tests\Memoized.Tests.fsproj", "{98AF20F0-95CA-498E-BF75-A3E5E09D6B20}"
EndProject
Project("{F2A71F9B-5D33-465A-A702-920D77279786}") = "Queue", "Queue\Queue.fsproj", "{A85AE60D-A1A5-487D-A1A7-2D0556002931}"
EndProject
Project("{F2A71F9B-5D33-465A-A702-920D77279786}") = "Queue.Tests", "Queue.Tests\Queue.Tests.fsproj", "{B84D65D4-6354-473A-80E4-A4DBE7136818}"
EndProject
Project("{F2A71F9B-5D33-465A-A702-920D77279786}") = "ResultMonad", "ResultMonad\ResultMonad.fsproj", "{B66FD69C-0450-4517-93EF-9E59FFDD6986}"
EndProject
Project("{F2A71F9B-5D33-465A-A702-920D77279786}") = "ResultMonad.Tests", "ResultMonad.Tests\ResultMonad.Tests.fsproj", "{31E2211D-C0F5-4BF5-AD0B-0EA46A0914FC}"
EndProject
Project("{F2A71F9B-5D33-465A-A702-920D77279786}") = "SMSMessageSplitter", "SMSMessageSplitter\SMSMessageSplitter.fsproj", "{0E7404FF-69F0-4F29-8DB3-E2E913BA38B4}"
EndProject
Project("{F2A71F9B-5D33-465A-A702-920D77279786}") = "SMSMessageSplitter.Tests", "SMSMessageSplitter.Tests\SMSMessageSplitter.Tests.fsproj", "{3EB95A1E-DF98-4F6D-AE0B-802E6069688E}"
EndProject
Project("{F2A71F9B-5D33-465A-A702-920D77279786}") = "SudokuSolver", "SudokuSolver\SudokuSolver.fsproj", "{F7ACD1E8-D6C6-4E7F-B3E6-9E728990A163}"
EndProject
Project("{F2A71F9B-5D33-465A-A702-920D77279786}") = "SudokuSolver.Tests", "SudokuSolver.Tests\SudokuSolver.Tests.fsproj", "{52430D41-12B8-4962-8CCF-5B87F864D39F}"
EndProject
Project("{F2A71F9B-5D33-465A-A702-920D77279786}") = "Trie", "Trie\Trie.fsproj", "{8829EC3A-6515-4FAC-B62B-E096BA43E439}"
EndProject
Project("{F2A71F9B-5D33-465A-A702-920D77279786}") = "Trie.Tests", "Trie.Tests\Trie.Tests.fsproj", "{7200FB6C-CB22-4EEA-B7A5-872CBBFFDC0B}"
EndProject
Global
	GlobalSection(SolutionConfigurationPlatforms) = preSolution
		Debug|Any CPU = Debug|Any CPU
		Debug|x64 = Debug|x64
		Debug|x86 = Debug|x86
		Release|Any CPU = Release|Any CPU
		Release|x64 = Release|x64
		Release|x86 = Release|x86
	EndGlobalSection
	GlobalSection(SolutionProperties) = preSolution
		HideSolutionNode = FALSE
	EndGlobalSection
	GlobalSection(ProjectConfigurationPlatforms) = postSolution
		{6F06CA7E-F36A-4423-A45D-A4B90288FCB7}.Debug|Any CPU.ActiveCfg = Debug|Any CPU
		{6F06CA7E-F36A-4423-A45D-A4B90288FCB7}.Debug|Any CPU.Build.0 = Debug|Any CPU
		{6F06CA7E-F36A-4423-A45D-A4B90288FCB7}.Debug|x64.ActiveCfg = Debug|Any CPU
		{6F06CA7E-F36A-4423-A45D-A4B90288FCB7}.Debug|x64.Build.0 = Debug|Any CPU
		{6F06CA7E-F36A-4423-A45D-A4B90288FCB7}.Debug|x86.ActiveCfg = Debug|Any CPU
		{6F06CA7E-F36A-4423-A45D-A4B90288FCB7}.Debug|x86.Build.0 = Debug|Any CPU
		{6F06CA7E-F36A-4423-A45D-A4B90288FCB7}.Release|Any CPU.ActiveCfg = Release|Any CPU
		{6F06CA7E-F36A-4423-A45D-A4B90288FCB7}.Release|Any CPU.Build.0 = Release|Any CPU
		{6F06CA7E-F36A-4423-A45D-A4B90288FCB7}.Release|x64.ActiveCfg = Release|Any CPU
		{6F06CA7E-F36A-4423-A45D-A4B90288FCB7}.Release|x64.Build.0 = Release|Any CPU
		{6F06CA7E-F36A-4423-A45D-A4B90288FCB7}.Release|x86.ActiveCfg = Release|Any CPU
		{6F06CA7E-F36A-4423-A45D-A4B90288FCB7}.Release|x86.Build.0 = Release|Any CPU
		{C6D8A4F9-219E-43D9-81BD-0FF82BD46D80}.Debug|Any CPU.ActiveCfg = Debug|Any CPU
		{C6D8A4F9-219E-43D9-81BD-0FF82BD46D80}.Debug|Any CPU.Build.0 = Debug|Any CPU
		{C6D8A4F9-219E-43D9-81BD-0FF82BD46D80}.Debug|x64.ActiveCfg = Debug|Any CPU
		{C6D8A4F9-219E-43D9-81BD-0FF82BD46D80}.Debug|x64.Build.0 = Debug|Any CPU
		{C6D8A4F9-219E-43D9-81BD-0FF82BD46D80}.Debug|x86.ActiveCfg = Debug|Any CPU
		{C6D8A4F9-219E-43D9-81BD-0FF82BD46D80}.Debug|x86.Build.0 = Debug|Any CPU
		{C6D8A4F9-219E-43D9-81BD-0FF82BD46D80}.Release|Any CPU.ActiveCfg = Release|Any CPU
		{C6D8A4F9-219E-43D9-81BD-0FF82BD46D80}.Release|Any CPU.Build.0 = Release|Any CPU
		{C6D8A4F9-219E-43D9-81BD-0FF82BD46D80}.Release|x64.ActiveCfg = Release|Any CPU
		{C6D8A4F9-219E-43D9-81BD-0FF82BD46D80}.Release|x64.Build.0 = Release|Any CPU
		{C6D8A4F9-219E-43D9-81BD-0FF82BD46D80}.Release|x86.ActiveCfg = Release|Any CPU
		{C6D8A4F9-219E-43D9-81BD-0FF82BD46D80}.Release|x86.Build.0 = Release|Any CPU
		{0EEB3CDA-C042-4D36-BC9D-97D250838AEA}.Debug|Any CPU.ActiveCfg = Debug|Any CPU
		{0EEB3CDA-C042-4D36-BC9D-97D250838AEA}.Debug|Any CPU.Build.0 = Debug|Any CPU
		{0EEB3CDA-C042-4D36-BC9D-97D250838AEA}.Debug|x64.ActiveCfg = Debug|Any CPU
		{0EEB3CDA-C042-4D36-BC9D-97D250838AEA}.Debug|x64.Build.0 = Debug|Any CPU
		{0EEB3CDA-C042-4D36-BC9D-97D250838AEA}.Debug|x86.ActiveCfg = Debug|Any CPU
		{0EEB3CDA-C042-4D36-BC9D-97D250838AEA}.Debug|x86.Build.0 = Debug|Any CPU
		{0EEB3CDA-C042-4D36-BC9D-97D250838AEA}.Release|Any CPU.ActiveCfg = Release|Any CPU
		{0EEB3CDA-C042-4D36-BC9D-97D250838AEA}.Release|Any CPU.Build.0 = Release|Any CPU
		{0EEB3CDA-C042-4D36-BC9D-97D250838AEA}.Release|x64.ActiveCfg = Release|Any CPU
		{0EEB3CDA-C042-4D36-BC9D-97D250838AEA}.Release|x64.Build.0 = Release|Any CPU
		{0EEB3CDA-C042-4D36-BC9D-97D250838AEA}.Release|x86.ActiveCfg = Release|Any CPU
		{0EEB3CDA-C042-4D36-BC9D-97D250838AEA}.Release|x86.Build.0 = Release|Any CPU
		{98AF20F0-95CA-498E-BF75-A3E5E09D6B20}.Debug|Any CPU.ActiveCfg = Debug|Any CPU
		{98AF20F0-95CA-498E-BF75-A3E5E09D6B20}.Debug|Any CPU.Build.0 = Debug|Any CPU
		{98AF20F0-95CA-498E-BF75-A3E5E09D6B20}.Debug|x64.ActiveCfg = Debug|Any CPU
		{98AF20F0-95CA-498E-BF75-A3E5E09D6B20}.Debug|x64.Build.0 = Debug|Any CPU
		{98AF20F0-95CA-498E-BF75-A3E5E09D6B20}.Debug|x86.ActiveCfg = Debug|Any CPU
		{98AF20F0-95CA-498E-BF75-A3E5E09D6B20}.Debug|x86.Build.0 = Debug|Any CPU
		{98AF20F0-95CA-498E-BF75-A3E5E09D6B20}.Release|Any CPU.ActiveCfg = Release|Any CPU
		{98AF20F0-95CA-498E-BF75-A3E5E09D6B20}.Release|Any CPU.Build.0 = Release|Any CPU
		{98AF20F0-95CA-498E-BF75-A3E5E09D6B20}.Release|x64.ActiveCfg = Release|Any CPU
		{98AF20F0-95CA-498E-BF75-A3E5E09D6B20}.Release|x64.Build.0 = Release|Any CPU
		{98AF20F0-95CA-498E-BF75-A3E5E09D6B20}.Release|x86.ActiveCfg = Release|Any CPU
		{98AF20F0-95CA-498E-BF75-A3E5E09D6B20}.Release|x86.Build.0 = Release|Any CPU
		{A85AE60D-A1A5-487D-A1A7-2D0556002931}.Debug|Any CPU.ActiveCfg = Debug|Any CPU
		{A85AE60D-A1A5-487D-A1A7-2D0556002931}.Debug|Any CPU.Build.0 = Debug|Any CPU
		{A85AE60D-A1A5-487D-A1A7-2D0556002931}.Debug|x64.ActiveCfg = Debug|Any CPU
		{A85AE60D-A1A5-487D-A1A7-2D0556002931}.Debug|x64.Build.0 = Debug|Any CPU
		{A85AE60D-A1A5-487D-A1A7-2D0556002931}.Debug|x86.ActiveCfg = Debug|Any CPU
		{A85AE60D-A1A5-487D-A1A7-2D0556002931}.Debug|x86.Build.0 = Debug|Any CPU
		{A85AE60D-A1A5-487D-A1A7-2D0556002931}.Release|Any CPU.ActiveCfg = Release|Any CPU
		{A85AE60D-A1A5-487D-A1A7-2D0556002931}.Release|Any CPU.Build.0 = Release|Any CPU
		{A85AE60D-A1A5-487D-A1A7-2D0556002931}.Release|x64.ActiveCfg = Release|Any CPU
		{A85AE60D-A1A5-487D-A1A7-2D0556002931}.Release|x64.Build.0 = Release|Any CPU
		{A85AE60D-A1A5-487D-A1A7-2D0556002931}.Release|x86.ActiveCfg = Release|Any CPU
		{A85AE60D-A1A5-487D-A1A7-2D0556002931}.Release|x86.Build.0 = Release|Any CPU
		{B84D65D4-6354-473A-80E4-A4DBE7136818}.Debug|Any CPU.ActiveCfg = Debug|Any CPU
		{B84D65D4-6354-473A-80E4-A4DBE7136818}.Debug|Any CPU.Build.0 = Debug|Any CPU
		{B84D65D4-6354-473A-80E4-A4DBE7136818}.Debug|x64.ActiveCfg = Debug|Any CPU
		{B84D65D4-6354-473A-80E4-A4DBE7136818}.Debug|x64.Build.0 = Debug|Any CPU
		{B84D65D4-6354-473A-80E4-A4DBE7136818}.Debug|x86.ActiveCfg = Debug|Any CPU
		{B84D65D4-6354-473A-80E4-A4DBE7136818}.Debug|x86.Build.0 = Debug|Any CPU
		{B84D65D4-6354-473A-80E4-A4DBE7136818}.Release|Any CPU.ActiveCfg = Release|Any CPU
		{B84D65D4-6354-473A-80E4-A4DBE7136818}.Release|Any CPU.Build.0 = Release|Any CPU
		{B84D65D4-6354-473A-80E4-A4DBE7136818}.Release|x64.ActiveCfg = Release|Any CPU
		{B84D65D4-6354-473A-80E4-A4DBE7136818}.Release|x64.Build.0 = Release|Any CPU
		{B84D65D4-6354-473A-80E4-A4DBE7136818}.Release|x86.ActiveCfg = Release|Any CPU
		{B84D65D4-6354-473A-80E4-A4DBE7136818}.Release|x86.Build.0 = Release|Any CPU
		{B66FD69C-0450-4517-93EF-9E59FFDD6986}.Debug|Any CPU.ActiveCfg = Debug|Any CPU
		{B66FD69C-0450-4517-93EF-9E59FFDD6986}.Debug|Any CPU.Build.0 = Debug|Any CPU
		{B66FD69C-0450-4517-93EF-9E59FFDD6986}.Debug|x64.ActiveCfg = Debug|Any CPU
		{B66FD69C-0450-4517-93EF-9E59FFDD6986}.Debug|x64.Build.0 = Debug|Any CPU
		{B66FD69C-0450-4517-93EF-9E59FFDD6986}.Debug|x86.ActiveCfg = Debug|Any CPU
		{B66FD69C-0450-4517-93EF-9E59FFDD6986}.Debug|x86.Build.0 = Debug|Any CPU
		{B66FD69C-0450-4517-93EF-9E59FFDD6986}.Release|Any CPU.ActiveCfg = Release|Any CPU
		{B66FD69C-0450-4517-93EF-9E59FFDD6986}.Release|Any CPU.Build.0 = Release|Any CPU
		{B66FD69C-0450-4517-93EF-9E59FFDD6986}.Release|x64.ActiveCfg = Release|Any CPU
		{B66FD69C-0450-4517-93EF-9E59FFDD6986}.Release|x64.Build.0 = Release|Any CPU
		{B66FD69C-0450-4517-93EF-9E59FFDD6986}.Release|x86.ActiveCfg = Release|Any CPU
		{B66FD69C-0450-4517-93EF-9E59FFDD6986}.Release|x86.Build.0 = Release|Any CPU
		{31E2211D-C0F5-4BF5-AD0B-0EA46A0914FC}.Debug|Any CPU.ActiveCfg = Debug|Any CPU
		{31E2211D-C0F5-4BF5-AD0B-0EA46A0914FC}.Debug|Any CPU.Build.0 = Debug|Any CPU
		{31E2211D-C0F5-4BF5-AD0B-0EA46A0914FC}.Debug|x64.ActiveCfg = Debug|Any CPU
		{31E2211D-C0F5-4BF5-AD0B-0EA46A0914FC}.Debug|x64.Build.0 = Debug|Any CPU
		{31E2211D-C0F5-4BF5-AD0B-0EA46A0914FC}.Debug|x86.ActiveCfg = Debug|Any CPU
		{31E2211D-C0F5-4BF5-AD0B-0EA46A0914FC}.Debug|x86.Build.0 = Debug|Any CPU
		{31E2211D-C0F5-4BF5-AD0B-0EA46A0914FC}.Release|Any CPU.ActiveCfg = Release|Any CPU
		{31E2211D-C0F5-4BF5-AD0B-0EA46A0914FC}.Release|Any CPU.Build.0 = Release|Any CPU
		{31E2211D-C0F5-4BF5-AD0B-0EA46A0914FC}.Release|x64.ActiveCfg = Release|Any CPU
		{31E2211D-C0F5-4BF5-AD0B-0EA46A0914FC}.Release|x64.Build.0 = Release|Any CPU
		{31E2211D-C0F5-4BF5-AD0B-0EA46A0914FC}.Release|x86.ActiveCfg = Release|Any CPU
		{31E2211D-C0F5-4BF5-AD0B-0EA46A0914FC}.Release|x86.Build.0 = Release|Any CPU
		{0E7404FF-69F0-4F29-8DB3-E2E913BA38B4}.Debug|Any CPU.ActiveCfg = Debug|Any CPU
		{0E7404FF-69F0-4F29-8DB3-E2E913BA38B4}.Debug|Any CPU.Build.0 = Debug|Any CPU
		{0E7404FF-69F0-4F29-8DB3-E2E913BA38B4}.Debug|x64.ActiveCfg = Debug|Any CPU
		{0E7404FF-69F0-4F29-8DB3-E2E913BA38B4}.Debug|x64.Build.0 = Debug|Any CPU
		{0E7404FF-69F0-4F29-8DB3-E2E913BA38B4}.Debug|x86.ActiveCfg = Debug|Any CPU
		{0E7404FF-69F0-4F29-8DB3-E2E913BA38B4}.Debug|x86.Build.0 = Debug|Any CPU
		{0E7404FF-69F0-4F29-8DB3-E2E913BA38B4}.Release|Any CPU.ActiveCfg = Release|Any CPU
		{0E7404FF-69F0-4F29-8DB3-E2E913BA38B4}.Release|Any CPU.Build.0 = Release|Any CPU
		{0E7404FF-69F0-4F29-8DB3-E2E913BA38B4}.Release|x64.ActiveCfg = Release|Any CPU
		{0E7404FF-69F0-4F29-8DB3-E2E913BA38B4}.Release|x64.Build.0 = Release|Any CPU
		{0E7404FF-69F0-4F29-8DB3-E2E913BA38B4}.Release|x86.ActiveCfg = Release|Any CPU
		{0E7404FF-69F0-4F29-8DB3-E2E913BA38B4}.Release|x86.Build.0 = Release|Any CPU
		{3EB95A1E-DF98-4F6D-AE0B-802E6069688E}.Debug|Any CPU.ActiveCfg = Debug|Any CPU
		{3EB95A1E-DF98-4F6D-AE0B-802E6069688E}.Debug|Any CPU.Build.0 = Debug|Any CPU
		{3EB95A1E-DF98-4F6D-AE0B-802E6069688E}.Debug|x64.ActiveCfg = Debug|Any CPU
		{3EB95A1E-DF98-4F6D-AE0B-802E6069688E}.Debug|x64.Build.0 = Debug|Any CPU
		{3EB95A1E-DF98-4F6D-AE0B-802E6069688E}.Debug|x86.ActiveCfg = Debug|Any CPU
		{3EB95A1E-DF98-4F6D-AE0B-802E6069688E}.Debug|x86.Build.0 = Debug|Any CPU
		{3EB95A1E-DF98-4F6D-AE0B-802E6069688E}.Release|Any CPU.ActiveCfg = Release|Any CPU
		{3EB95A1E-DF98-4F6D-AE0B-802E6069688E}.Release|Any CPU.Build.0 = Release|Any CPU
		{3EB95A1E-DF98-4F6D-AE0B-802E6069688E}.Release|x64.ActiveCfg = Release|Any CPU
		{3EB95A1E-DF98-4F6D-AE0B-802E6069688E}.Release|x64.Build.0 = Release|Any CPU
		{3EB95A1E-DF98-4F6D-AE0B-802E6069688E}.Release|x86.ActiveCfg = Release|Any CPU
		{3EB95A1E-DF98-4F6D-AE0B-802E6069688E}.Release|x86.Build.0 = Release|Any CPU
		{F7ACD1E8-D6C6-4E7F-B3E6-9E728990A163}.Debug|Any CPU.ActiveCfg = Debug|Any CPU
		{F7ACD1E8-D6C6-4E7F-B3E6-9E728990A163}.Debug|Any CPU.Build.0 = Debug|Any CPU
		{F7ACD1E8-D6C6-4E7F-B3E6-9E728990A163}.Debug|x64.ActiveCfg = Debug|Any CPU
		{F7ACD1E8-D6C6-4E7F-B3E6-9E728990A163}.Debug|x64.Build.0 = Debug|Any CPU
		{F7ACD1E8-D6C6-4E7F-B3E6-9E728990A163}.Debug|x86.ActiveCfg = Debug|Any CPU
		{F7ACD1E8-D6C6-4E7F-B3E6-9E728990A163}.Debug|x86.Build.0 = Debug|Any CPU
		{F7ACD1E8-D6C6-4E7F-B3E6-9E728990A163}.Release|Any CPU.ActiveCfg = Release|Any CPU
		{F7ACD1E8-D6C6-4E7F-B3E6-9E728990A163}.Release|Any CPU.Build.0 = Release|Any CPU
		{F7ACD1E8-D6C6-4E7F-B3E6-9E728990A163}.Release|x64.ActiveCfg = Release|Any CPU
		{F7ACD1E8-D6C6-4E7F-B3E6-9E728990A163}.Release|x64.Build.0 = Release|Any CPU
		{F7ACD1E8-D6C6-4E7F-B3E6-9E728990A163}.Release|x86.ActiveCfg = Release|Any CPU
		{F7ACD1E8-D6C6-4E7F-B3E6-9E728990A163}.Release|x86.Build.0 = Release|Any CPU
		{52430D41-12B8-4962-8CCF-5B87F864D39F}.Debug|Any CPU.ActiveCfg = Debug|Any CPU
		{52430D41-12B8-4962-8CCF-5B87F864D39F}.Debug|Any CPU.Build.0 = Debug|Any CPU
		{52430D41-12B8-4962-8CCF-5B87F864D39F}.Debug|x64.ActiveCfg = Debug|Any CPU
		{52430D41-12B8-4962-8CCF-5B87F864D39F}.Debug|x64.Build.0 = Debug|Any CPU
		{52430D41-12B8-4962-8CCF-5B87F864D39F}.Debug|x86.ActiveCfg = Debug|Any CPU
		{52430D41-12B8-4962-8CCF-5B87F864D39F}.Debug|x86.Build.0 = Debug|Any CPU
		{52430D41-12B8-4962-8CCF-5B87F864D39F}.Release|Any CPU.ActiveCfg = Release|Any CPU
		{52430D41-12B8-4962-8CCF-5B87F864D39F}.Release|Any CPU.Build.0 = Release|Any CPU
		{52430D41-12B8-4962-8CCF-5B87F864D39F}.Release|x64.ActiveCfg = Release|Any CPU
		{52430D41-12B8-4962-8CCF-5B87F864D39F}.Release|x64.Build.0 = Release|Any CPU
		{52430D41-12B8-4962-8CCF-5B87F864D39F}.Release|x86.ActiveCfg = Release|Any CPU
		{52430D41-12B8-4962-8CCF-5B87F864D39F}.Release|x86.Build.0 = Release|Any CPU
		{8829EC3A-6515-4FAC-B62B-E096BA43E439}.Debug|Any CPU.ActiveCfg = Debug|Any CPU
		{8829EC3A-6515-4FAC-B62B-E096BA43E439}.Debug|Any CPU.Build.0 = Debug|Any CPU
		{8829EC3A-6515-4FAC-B62B-E096BA43E439}.Debug|x64.ActiveCfg = Debug|Any CPU
		{8829EC3A-6515-4FAC-B62B-E096BA43E439}.Debug|x64.Build.0 = Debug|Any CPU
		{8829EC3A-6515-4FAC-B62B-E096BA43E439}.Debug|x86.ActiveCfg = Debug|Any CPU
		{8829EC3A-6515-4FAC-B62B-E096BA43E439}.Debug|x86.Build.0 = Debug|Any CPU
		{8829EC3A-6515-4FAC-B62B-E096BA43E439}.Release|Any CPU.ActiveCfg = Release|Any CPU
		{8829EC3A-6515-4FAC-B62B-E096BA43E439}.Release|Any CPU.Build.0 = Release|Any CPU
		{8829EC3A-6515-4FAC-B62B-E096BA43E439}.Release|x64.ActiveCfg = Release|Any CPU
		{8829EC3A-6515-4FAC-B62B-E096BA43E439}.Release|x64.Build.0 = Release|Any CPU
		{8829EC3A-6515-4FAC-B62B-E096BA43E439}.Release|x86.ActiveCfg = Release|Any CPU
		{8829EC3A-6515-4FAC-B62B-E096BA43E439}.Release|x86.Build.0 = Release|Any CPU
		{7200FB6C-CB22-4EEA-B7A5-872CBBFFDC0B}.Debug|Any CPU.ActiveCfg = Debug|Any CPU
		{7200FB6C-CB22-4EEA-B7A5-872CBBFFDC0B}.Debug|Any CPU.Build.0 = Debug|Any CPU
		{7200FB6C-CB22-4EEA-B7A5-872CBBFFDC0B}.Debug|x64.ActiveCfg = Debug|Any CPU
		{7200FB6C-CB22-4EEA-B7A5-872CBBFFDC0B}.Debug|x64.Build.0 = Debug|Any CPU
		{7200FB6C-CB22-4EEA-B7A5-872CBBFFDC0B}.Debug|x86.ActiveCfg = Debug|Any CPU
		{7200FB6C-CB22-4EEA-B7A5-872CBBFFDC0B}.Debug|x86.Build.0 = Debug|Any CPU
		{7200FB6C-CB22-4EEA-B7A5-872CBBFFDC0B}.Release|Any CPU.ActiveCfg = Release|Any CPU
		{7200FB6C-CB22-4EEA-B7A5-872CBBFFDC0B}.Release|Any CPU.Build.0 = Release|Any CPU
		{7200FB6C-CB22-4EEA-B7A5-872CBBFFDC0B}.Release|x64.ActiveCfg = Release|Any CPU
		{7200FB6C-CB22-4EEA-B7A5-872CBBFFDC0B}.Release|x64.Build.0 = Release|Any CPU
		{7200FB6C-CB22-4EEA-B7A5-872CBBFFDC0B}.Release|x86.ActiveCfg = Release|Any CPU
		{7200FB6C-CB22-4EEA-B7A5-872CBBFFDC0B}.Release|x86.Build.0 = Release|Any CPU
	EndGlobalSection
EndGlobal
