
Microsoft Visual Studio Solution File, Format Version 12.00
# Visual Studio 2013
VisualStudioVersion = 12.0.31101.0
MinimumVisualStudioVersion = 10.0.40219.1
Project("{F2A71F9B-5D33-465A-A702-920D77279786}") = "SudokuSolver", "SudokuSolver\SudokuSolver.fsproj", "{D8B9CF9B-EF78-4617-BD86-5B02E43784B4}"
EndProject
Project("{F2A71F9B-5D33-465A-A702-920D77279786}") = "SudokuSolver.Tests", "SudokuSolver.Tests\SudokuSolver.Tests.fsproj", "{1FE42A36-726C-4B6B-8EB3-DA64FA952869}"
EndProject
Global
	GlobalSection(SolutionConfigurationPlatforms) = preSolution
		Debug|Any CPU = Debug|Any CPU
		Release|Any CPU = Release|Any CPU
	EndGlobalSection
	GlobalSection(ProjectConfigurationPlatforms) = postSolution
		{D8B9CF9B-EF78-4617-BD86-5B02E43784B4}.Debug|Any CPU.ActiveCfg = Debug|Any CPU
		{D8B9CF9B-EF78-4617-BD86-5B02E43784B4}.Debug|Any CPU.Build.0 = Debug|Any CPU
		{D8B9CF9B-EF78-4617-BD86-5B02E43784B4}.Release|Any CPU.ActiveCfg = Release|Any CPU
		{D8B9CF9B-EF78-4617-BD86-5B02E43784B4}.Release|Any CPU.Build.0 = Release|Any CPU
		{1FE42A36-726C-4B6B-8EB3-DA64FA952869}.Debug|Any CPU.ActiveCfg = Debug|Any CPU
		{1FE42A36-726C-4B6B-8EB3-DA64FA952869}.Debug|Any CPU.Build.0 = Debug|Any CPU
		{1FE42A36-726C-4B6B-8EB3-DA64FA952869}.Release|Any CPU.ActiveCfg = Release|Any CPU
		{1FE42A36-726C-4B6B-8EB3-DA64FA952869}.Release|Any CPU.Build.0 = Release|Any CPU
	EndGlobalSection
	GlobalSection(SolutionProperties) = preSolution
		HideSolutionNode = FALSE
	EndGlobalSection
EndGlobal
