
Microsoft Visual Studio Solution File, Format Version 12.00
# Visual Studio 2013
VisualStudioVersion = 12.0.31101.0
MinimumVisualStudioVersion = 10.0.40219.1
Project("{F2A71F9B-5D33-465A-A702-920D77279786}") = "KeyValueStore", "KeyValueStore\KeyValueStore.fsproj", "{52DD3D9D-FDBE-4567-8EB7-45652FAE1207}"
EndProject
Project("{F2A71F9B-5D33-465A-A702-920D77279786}") = "KeyValueStore.Tests", "KeyValueStore.Tests\KeyValueStore.Tests.fsproj", "{1CFBFF23-5F5C-4283-8C87-3E622DBFB0AD}"
EndProject
Global
	GlobalSection(SolutionConfigurationPlatforms) = preSolution
		Debug|Any CPU = Debug|Any CPU
		Release|Any CPU = Release|Any CPU
	EndGlobalSection
	GlobalSection(ProjectConfigurationPlatforms) = postSolution
		{52DD3D9D-FDBE-4567-8EB7-45652FAE1207}.Debug|Any CPU.ActiveCfg = Debug|Any CPU
		{52DD3D9D-FDBE-4567-8EB7-45652FAE1207}.Debug|Any CPU.Build.0 = Debug|Any CPU
		{52DD3D9D-FDBE-4567-8EB7-45652FAE1207}.Release|Any CPU.ActiveCfg = Release|Any CPU
		{52DD3D9D-FDBE-4567-8EB7-45652FAE1207}.Release|Any CPU.Build.0 = Release|Any CPU
		{1CFBFF23-5F5C-4283-8C87-3E622DBFB0AD}.Debug|Any CPU.ActiveCfg = Debug|Any CPU
		{1CFBFF23-5F5C-4283-8C87-3E622DBFB0AD}.Debug|Any CPU.Build.0 = Debug|Any CPU
		{1CFBFF23-5F5C-4283-8C87-3E622DBFB0AD}.Release|Any CPU.ActiveCfg = Release|Any CPU
		{1CFBFF23-5F5C-4283-8C87-3E622DBFB0AD}.Release|Any CPU.Build.0 = Release|Any CPU
	EndGlobalSection
	GlobalSection(SolutionProperties) = preSolution
		HideSolutionNode = FALSE
	EndGlobalSection
EndGlobal
