
Microsoft Visual Studio Solution File, Format Version 12.00
# Visual Studio 2013
VisualStudioVersion = 12.0.31101.0
MinimumVisualStudioVersion = 10.0.40219.1
Project("{F2A71F9B-5D33-465A-A702-920D77279786}") = "SMSMessageSplitter", "SMSMessageSplitter\SMSMessageSplitter.fsproj", "{0B20A2F4-32E9-463F-9A99-172F11798E87}"
EndProject
Project("{F2A71F9B-5D33-465A-A702-920D77279786}") = "SMSMessageSplitter.Tests", "SMSMessageSplitter.Tests\SMSMessageSplitter.Tests.fsproj", "{709CD508-573B-49A5-B071-571DE30BE662}"
EndProject
Global
	GlobalSection(SolutionConfigurationPlatforms) = preSolution
		Debug|Any CPU = Debug|Any CPU
		Release|Any CPU = Release|Any CPU
	EndGlobalSection
	GlobalSection(ProjectConfigurationPlatforms) = postSolution
		{0B20A2F4-32E9-463F-9A99-172F11798E87}.Debug|Any CPU.ActiveCfg = Debug|Any CPU
		{0B20A2F4-32E9-463F-9A99-172F11798E87}.Debug|Any CPU.Build.0 = Debug|Any CPU
		{0B20A2F4-32E9-463F-9A99-172F11798E87}.Release|Any CPU.ActiveCfg = Release|Any CPU
		{0B20A2F4-32E9-463F-9A99-172F11798E87}.Release|Any CPU.Build.0 = Release|Any CPU
		{709CD508-573B-49A5-B071-571DE30BE662}.Debug|Any CPU.ActiveCfg = Debug|Any CPU
		{709CD508-573B-49A5-B071-571DE30BE662}.Debug|Any CPU.Build.0 = Debug|Any CPU
		{709CD508-573B-49A5-B071-571DE30BE662}.Release|Any CPU.ActiveCfg = Release|Any CPU
		{709CD508-573B-49A5-B071-571DE30BE662}.Release|Any CPU.Build.0 = Release|Any CPU
	EndGlobalSection
	GlobalSection(SolutionProperties) = preSolution
		HideSolutionNode = FALSE
	EndGlobalSection
EndGlobal
